{
    "_readme": [
        "This file locks the dependencies of your project to a known state",
        "Read more about it at https://getcomposer.org/doc/01-basic-usage.md#installing-dependencies",
        "This file is @generated automatically"
    ],
    "content-hash": "8652881011b59a153b0b24d806ddef9e",
    "packages": [
        {
            "name": "bramus/router",
            "version": "1.6.1",
            "source": {
                "type": "git",
                "url": "https://github.com/bramus/router.git",
                "reference": "55657b76da8a0a509250fb55b9dd24e1aa237eba"
            },
            "dist": {
                "type": "zip",
                "url": "https://api.github.com/repos/bramus/router/zipball/55657b76da8a0a509250fb55b9dd24e1aa237eba",
                "reference": "55657b76da8a0a509250fb55b9dd24e1aa237eba",
                "shasum": ""
            },
            "require": {
                "php": ">=5.3.0"
            },
            "require-dev": {
                "friendsofphp/php-cs-fixer": "~2.14",
                "phpunit/php-code-coverage": "~2.0",
                "phpunit/phpunit": "~4.8"
            },
            "type": "library",
            "autoload": {
                "psr-0": {
                    "Bramus": "src/"
                }
            },
            "notification-url": "https://packagist.org/downloads/",
            "license": [
                "MIT"
            ],
            "authors": [
                {
                    "name": "Bram(us) Van Damme",
                    "email": "bramus@bram.us",
                    "homepage": "http://www.bram.us"
                }
            ],
            "description": "A lightweight and simple object oriented PHP Router",
            "homepage": "https://github.com/bramus/router",
            "keywords": [
                "router",
                "routing"
            ],
            "support": {
                "issues": "https://github.com/bramus/router/issues",
                "source": "https://github.com/bramus/router/tree/1.6.1"
            },
            "time": "2021-11-18T19:24:07+00:00"
        },
        {
            "name": "luecano/numero-a-letras",
            "version": "v3.0.0",
            "source": {
                "type": "git",
                "url": "https://github.com/lecano/php-numero-a-letras.git",
                "reference": "bab51e3e81545e38d6a11efccb3e6d568765ba7c"
            },
            "dist": {
                "type": "zip",
                "url": "https://api.github.com/repos/lecano/php-numero-a-letras/zipball/bab51e3e81545e38d6a11efccb3e6d568765ba7c",
                "reference": "bab51e3e81545e38d6a11efccb3e6d568765ba7c",
                "shasum": ""
            },
            "require": {
                "php": "^7.2|^8.0"
            },
            "require-dev": {
                "phpunit/phpunit": "^8.5|^9.0"
            },
            "type": "library",
            "autoload": {
                "psr-4": {
                    "Luecano\\NumeroALetras\\": "src/"
                }
            },
            "notification-url": "https://packagist.org/downloads/",
            "license": [
                "MIT"
            ],
            "authors": [
                {
                    "name": "Luis Cano",
                    "homepage": "https://github.com/luecano/numero-a-letras"
                }
            ],
            "description": "Convierte un número a letras.",
            "homepage": "https://github.com/luecano/numero-a-letras",
            "keywords": [
                "convertir",
                "facturacion",
                "letras",
                "numero",
                "sunat"
            ],
            "support": {
                "issues": "https://github.com/lecano/php-numero-a-letras/issues",
                "source": "https://github.com/lecano/php-numero-a-letras/tree/v3.0.0"
            },
            "time": "2021-03-05T15:13:07+00:00"
        }
    ],
    "packages-dev": [],
    "aliases": [],
    "minimum-stability": "stable",
    "stability-flags": [],
    "prefer-stable": false,
    "prefer-lowest": false,
    "platform": [],
    "platform-dev": [],
    "plugin-api-version": "2.1.0"
}
